// !$*UTF8*$!
{
	archiveVersion = 1;
	classes = {
	};
	objectVersion = 46;
	objects = {

/* Begin PBXBuildFile section */
		9B14BF421A8AF8F000B9132B /* UserDetailViewController.swift in Sources */ = {isa = PBXBuildFile; fileRef = 9B14BF411A8AF8F000B9132B /* UserDetailViewController.swift */; };
		9B158AB01A89748100EC1350 /* ParsedTweetCell.swift in Sources */ = {isa = PBXBuildFile; fileRef = 9B158AAF1A89748100EC1350 /* ParsedTweetCell.swift */; };
		9B312D831A8BEB4F00702F7D /* Swifties.framework in Frameworks */ = {isa = PBXBuildFile; fileRef = 9B312D801A8BEB3500702F7D /* Swifties.framework */; };
		9B312D871A8BEFB300702F7D /* Swifties.framework in Embed Frameworks */ = {isa = PBXBuildFile; fileRef = 9B312D801A8BEB3500702F7D /* Swifties.framework */; settings = {ATTRIBUTES = (CodeSignOnCopy, RemoveHeadersOnCopy, ); }; };
		9B8208071A894DF8007B1B80 /* AppDelegate.swift in Sources */ = {isa = PBXBuildFile; fileRef = 9B8208061A894DF8007B1B80 /* AppDelegate.swift */; };
		9B82080A1A894DF8007B1B80 /* Twobr.xcdatamodeld in Sources */ = {isa = PBXBuildFile; fileRef = 9B8208081A894DF8007B1B80 /* Twobr.xcdatamodeld */; };
		9B82080C1A894DF8007B1B80 /* JobsViewController.swift in Sources */ = {isa = PBXBuildFile; fileRef = 9B82080B1A894DF8007B1B80 /* JobsViewController.swift */; };
		9B82080F1A894DF8007B1B80 /* Main.storyboard in Resources */ = {isa = PBXBuildFile; fileRef = 9B82080D1A894DF8007B1B80 /* Main.storyboard */; };
		9B8208111A894DF8007B1B80 /* Images.xcassets in Resources */ = {isa = PBXBuildFile; fileRef = 9B8208101A894DF8007B1B80 /* Images.xcassets */; };
		9B8208141A894DF8007B1B80 /* LaunchScreen.xib in Resources */ = {isa = PBXBuildFile; fileRef = 9B8208121A894DF8007B1B80 /* LaunchScreen.xib */; };
		9B82082D1A8964BC007B1B80 /* Localizable.strings in Resources */ = {isa = PBXBuildFile; fileRef = 9B82082F1A8964BC007B1B80 /* Localizable.strings */; };
		9B82083A1A89718D007B1B80 /* ParsedTweet.swift in Sources */ = {isa = PBXBuildFile; fileRef = 9B8208381A896E42007B1B80 /* ParsedTweet.swift */; };
		9BE640411A8AA494001D121F /* TwitterAPIRequest.swift in Sources */ = {isa = PBXBuildFile; fileRef = 9BE640401A8AA494001D121F /* TwitterAPIRequest.swift */; };
		9BE640431A8AA4F5001D121F /* TwitterAPIRequestDelegate.swift in Sources */ = {isa = PBXBuildFile; fileRef = 9BE640421A8AA4F5001D121F /* TwitterAPIRequestDelegate.swift */; };
		9BE640451A8AAF13001D121F /* JobDetailsViewController.swift in Sources */ = {isa = PBXBuildFile; fileRef = 9BE640441A8AAF13001D121F /* JobDetailsViewController.swift */; };
/* End PBXBuildFile section */

/* Begin PBXContainerItemProxy section */
		9B312D7F1A8BEB3500702F7D /* PBXContainerItemProxy */ = {
			isa = PBXContainerItemProxy;
			containerPortal = 9B312D7A1A8BEB3500702F7D /* Swifties.xcodeproj */;
			proxyType = 2;
			remoteGlobalIDString = 9B312D2B1A8BE9B300702F7D;
			remoteInfo = Swifties;
		};
		9B312D811A8BEB3500702F7D /* PBXContainerItemProxy */ = {
			isa = PBXContainerItemProxy;
			containerPortal = 9B312D7A1A8BEB3500702F7D /* Swifties.xcodeproj */;
			proxyType = 2;
			remoteGlobalIDString = 9B312D361A8BE9B300702F7D;
			remoteInfo = SwiftiesTests;
		};
		9B82081A1A894DF8007B1B80 /* PBXContainerItemProxy */ = {
			isa = PBXContainerItemProxy;
			containerPortal = 9B8207F91A894DF8007B1B80 /* Project object */;
			proxyType = 1;
			remoteGlobalIDString = 9B8208001A894DF8007B1B80;
			remoteInfo = Twobr;
		};
/* End PBXContainerItemProxy section */

/* Begin PBXCopyFilesBuildPhase section */
		9B312CC31A8BE58900702F7D /* Embed Frameworks */ = {
			isa = PBXCopyFilesBuildPhase;
			buildActionMask = 2147483647;
			dstPath = "";
			dstSubfolderSpec = 10;
			files = (
				9B312D871A8BEFB300702F7D /* Swifties.framework in Embed Frameworks */,
			);
			name = "Embed Frameworks";
			runOnlyForDeploymentPostprocessing = 0;
		};
/* End PBXCopyFilesBuildPhase section */

/* Begin PBXFileReference section */
		9B14BF411A8AF8F000B9132B /* UserDetailViewController.swift */ = {isa = PBXFileReference; fileEncoding = 4; lastKnownFileType = sourcecode.swift; path = UserDetailViewController.swift; sourceTree = "<group>"; };
		9B158AAF1A89748100EC1350 /* ParsedTweetCell.swift */ = {isa = PBXFileReference; fileEncoding = 4; lastKnownFileType = sourcecode.swift; path = ParsedTweetCell.swift; sourceTree = "<group>"; };
		9B312D7A1A8BEB3500702F7D /* Swifties.xcodeproj */ = {isa = PBXFileReference; lastKnownFileType = "wrapper.pb-project"; name = Swifties.xcodeproj; path = ../Swifties/Swifties.xcodeproj; sourceTree = "<group>"; };
		9B8208011A894DF8007B1B80 /* Twobr.app */ = {isa = PBXFileReference; explicitFileType = wrapper.application; includeInIndex = 0; path = Twobr.app; sourceTree = BUILT_PRODUCTS_DIR; };
		9B8208051A894DF8007B1B80 /* Info.plist */ = {isa = PBXFileReference; lastKnownFileType = text.plist.xml; path = Info.plist; sourceTree = "<group>"; };
		9B8208061A894DF8007B1B80 /* AppDelegate.swift */ = {isa = PBXFileReference; lastKnownFileType = sourcecode.swift; path = AppDelegate.swift; sourceTree = "<group>"; };
		9B8208091A894DF8007B1B80 /* Twobr.xcdatamodel */ = {isa = PBXFileReference; lastKnownFileType = wrapper.xcdatamodel; path = Twobr.xcdatamodel; sourceTree = "<group>"; };
		9B82080B1A894DF8007B1B80 /* JobsViewController.swift */ = {isa = PBXFileReference; lastKnownFileType = sourcecode.swift; path = JobsViewController.swift; sourceTree = "<group>"; };
		9B82080E1A894DF8007B1B80 /* Base */ = {isa = PBXFileReference; lastKnownFileType = file.storyboard; name = Base; path = Base.lproj/Main.storyboard; sourceTree = "<group>"; };
		9B8208101A894DF8007B1B80 /* Images.xcassets */ = {isa = PBXFileReference; lastKnownFileType = folder.assetcatalog; path = Images.xcassets; sourceTree = "<group>"; };
		9B8208131A894DF8007B1B80 /* Base */ = {isa = PBXFileReference; lastKnownFileType = file.xib; name = Base; path = Base.lproj/LaunchScreen.xib; sourceTree = "<group>"; };
		9B8208191A894DF8007B1B80 /* TwobrTests.xctest */ = {isa = PBXFileReference; explicitFileType = wrapper.cfbundle; includeInIndex = 0; path = TwobrTests.xctest; sourceTree = BUILT_PRODUCTS_DIR; };
		9B82081E1A894DF8007B1B80 /* Info.plist */ = {isa = PBXFileReference; lastKnownFileType = text.plist.xml; path = Info.plist; sourceTree = "<group>"; };
		9B8208291A8963ED007B1B80 /* es-MX */ = {isa = PBXFileReference; lastKnownFileType = text.plist.strings; name = "es-MX"; path = "es-MX.lproj/Main.strings"; sourceTree = "<group>"; };
		9B82082A1A8963ED007B1B80 /* es-MX */ = {isa = PBXFileReference; lastKnownFileType = text.plist.strings; name = "es-MX"; path = "es-MX.lproj/LaunchScreen.strings"; sourceTree = "<group>"; };
		9B8208301A8964C2007B1B80 /* Base */ = {isa = PBXFileReference; lastKnownFileType = text.plist.strings; name = Base; path = Base.lproj/Localizable.strings; sourceTree = "<group>"; };
		9B8208311A8964D1007B1B80 /* es-MX */ = {isa = PBXFileReference; lastKnownFileType = text.plist.strings; name = "es-MX"; path = "es-MX.lproj/Localizable.strings"; sourceTree = "<group>"; };
		9B8208381A896E42007B1B80 /* ParsedTweet.swift */ = {isa = PBXFileReference; fileEncoding = 4; lastKnownFileType = sourcecode.swift; path = ParsedTweet.swift; sourceTree = "<group>"; };
		9BE640401A8AA494001D121F /* TwitterAPIRequest.swift */ = {isa = PBXFileReference; fileEncoding = 4; lastKnownFileType = sourcecode.swift; path = TwitterAPIRequest.swift; sourceTree = "<group>"; };
		9BE640421A8AA4F5001D121F /* TwitterAPIRequestDelegate.swift */ = {isa = PBXFileReference; fileEncoding = 4; lastKnownFileType = sourcecode.swift; path = TwitterAPIRequestDelegate.swift; sourceTree = "<group>"; };
		9BE640441A8AAF13001D121F /* JobDetailsViewController.swift */ = {isa = PBXFileReference; fileEncoding = 4; lastKnownFileType = sourcecode.swift; path = JobDetailsViewController.swift; sourceTree = "<group>"; };
/* End PBXFileReference section */

/* Begin PBXFrameworksBuildPhase section */
		9B8207FE1A894DF8007B1B80 /* Frameworks */ = {
			isa = PBXFrameworksBuildPhase;
			buildActionMask = 2147483647;
			files = (
				9B312D831A8BEB4F00702F7D /* Swifties.framework in Frameworks */,
			);
			runOnlyForDeploymentPostprocessing = 0;
		};
		9B8208161A894DF8007B1B80 /* Frameworks */ = {
			isa = PBXFrameworksBuildPhase;
			buildActionMask = 2147483647;
			files = (
			);
			runOnlyForDeploymentPostprocessing = 0;
		};
/* End PBXFrameworksBuildPhase section */

/* Begin PBXGroup section */
		9B312D7B1A8BEB3500702F7D /* Products */ = {
			isa = PBXGroup;
			children = (
				9B312D801A8BEB3500702F7D /* Swifties.framework */,
				9B312D821A8BEB3500702F7D /* SwiftiesTests.xctest */,
			);
			name = Products;
			sourceTree = "<group>";
		};
		9B8207F81A894DF8007B1B80 = {
			isa = PBXGroup;
			children = (
				9B8208031A894DF8007B1B80 /* Twobr */,
				9B82081C1A894DF8007B1B80 /* TwobrTests */,
				9B8208021A894DF8007B1B80 /* Products */,
				9B312D7A1A8BEB3500702F7D /* Swifties.xcodeproj */,
			);
			sourceTree = "<group>";
		};
		9B8208021A894DF8007B1B80 /* Products */ = {
			isa = PBXGroup;
			children = (
				9B8208011A894DF8007B1B80 /* Twobr.app */,
				9B8208191A894DF8007B1B80 /* TwobrTests.xctest */,
			);
			name = Products;
			sourceTree = "<group>";
		};
		9B8208031A894DF8007B1B80 /* Twobr */ = {
			isa = PBXGroup;
			children = (
				9B8208371A896E0F007B1B80 /* Views */,
				9B8208361A896E01007B1B80 /* Controllers */,
				9B8208351A896DF4007B1B80 /* Models */,
				9BE6403F1A8AA471001D121F /* Twitter */,
				9B8208061A894DF8007B1B80 /* AppDelegate.swift */,
				9B8208101A894DF8007B1B80 /* Images.xcassets */,
				9B8208041A894DF8007B1B80 /* Supporting Files */,
			);
			path = Twobr;
			sourceTree = "<group>";
		};
		9B8208041A894DF8007B1B80 /* Supporting Files */ = {
			isa = PBXGroup;
			children = (
				9B82082F1A8964BC007B1B80 /* Localizable.strings */,
				9B8208051A894DF8007B1B80 /* Info.plist */,
			);
			name = "Supporting Files";
			sourceTree = "<group>";
		};
		9B82081C1A894DF8007B1B80 /* TwobrTests */ = {
			isa = PBXGroup;
			children = (
				9B82081D1A894DF8007B1B80 /* Supporting Files */,
			);
			path = TwobrTests;
			sourceTree = "<group>";
		};
		9B82081D1A894DF8007B1B80 /* Supporting Files */ = {
			isa = PBXGroup;
			children = (
				9B82081E1A894DF8007B1B80 /* Info.plist */,
			);
			name = "Supporting Files";
			sourceTree = "<group>";
		};
		9B8208351A896DF4007B1B80 /* Models */ = {
			isa = PBXGroup;
			children = (
				9B8208381A896E42007B1B80 /* ParsedTweet.swift */,
				9B8208081A894DF8007B1B80 /* Twobr.xcdatamodeld */,
			);
			name = Models;
			sourceTree = "<group>";
		};
		9B8208361A896E01007B1B80 /* Controllers */ = {
			isa = PBXGroup;
			children = (
				9B82080B1A894DF8007B1B80 /* JobsViewController.swift */,
				9BE640441A8AAF13001D121F /* JobDetailsViewController.swift */,
				9B14BF411A8AF8F000B9132B /* UserDetailViewController.swift */,
			);
			name = Controllers;
			sourceTree = "<group>";
		};
		9B8208371A896E0F007B1B80 /* Views */ = {
			isa = PBXGroup;
			children = (
				9B82080D1A894DF8007B1B80 /* Main.storyboard */,
				9B8208121A894DF8007B1B80 /* LaunchScreen.xib */,
				9B158AAF1A89748100EC1350 /* ParsedTweetCell.swift */,
			);
			name = Views;
			sourceTree = "<group>";
		};
		9BE6403F1A8AA471001D121F /* Twitter */ = {
			isa = PBXGroup;
			children = (
				9BE640401A8AA494001D121F /* TwitterAPIRequest.swift */,
				9BE640421A8AA4F5001D121F /* TwitterAPIRequestDelegate.swift */,
			);
			name = Twitter;
			sourceTree = "<group>";
		};
/* End PBXGroup section */

/* Begin PBXNativeTarget section */
		9B8208001A894DF8007B1B80 /* Twobr */ = {
			isa = PBXNativeTarget;
			buildConfigurationList = 9B8208231A894DF8007B1B80 /* Build configuration list for PBXNativeTarget "Twobr" */;
			buildPhases = (
				9B8207FD1A894DF8007B1B80 /* Sources */,
				9B8207FE1A894DF8007B1B80 /* Frameworks */,
				9B8207FF1A894DF8007B1B80 /* Resources */,
				9B312CC31A8BE58900702F7D /* Embed Frameworks */,
			);
			buildRules = (
			);
			dependencies = (
			);
			name = Twobr;
			productName = Twobr;
			productReference = 9B8208011A894DF8007B1B80 /* Twobr.app */;
			productType = "com.apple.product-type.application";
		};
		9B8208181A894DF8007B1B80 /* TwobrTests */ = {
			isa = PBXNativeTarget;
			buildConfigurationList = 9B8208261A894DF8007B1B80 /* Build configuration list for PBXNativeTarget "TwobrTests" */;
			buildPhases = (
				9B8208151A894DF8007B1B80 /* Sources */,
				9B8208161A894DF8007B1B80 /* Frameworks */,
				9B8208171A894DF8007B1B80 /* Resources */,
			);
			buildRules = (
			);
			dependencies = (
				9B82081B1A894DF8007B1B80 /* PBXTargetDependency */,
			);
			name = TwobrTests;
			productName = TwobrTests;
			productReference = 9B8208191A894DF8007B1B80 /* TwobrTests.xctest */;
			productType = "com.apple.product-type.bundle.unit-test";
		};
/* End PBXNativeTarget section */

/* Begin PBXProject section */
		9B8207F91A894DF8007B1B80 /* Project object */ = {
			isa = PBXProject;
			attributes = {
				LastUpgradeCheck = 0610;
				ORGANIZATIONNAME = "Blue Boxen, LLC.";
				TargetAttributes = {
					9B8208001A894DF8007B1B80 = {
						CreatedOnToolsVersion = 6.1.1;
						DevelopmentTeam = Y3M2N58M87;
					};
					9B8208181A894DF8007B1B80 = {
						CreatedOnToolsVersion = 6.1.1;
						TestTargetID = 9B8208001A894DF8007B1B80;
					};
				};
			};
			buildConfigurationList = 9B8207FC1A894DF8007B1B80 /* Build configuration list for PBXProject "Twobr" */;
			compatibilityVersion = "Xcode 3.2";
			developmentRegion = English;
			hasScannedForEncodings = 0;
			knownRegions = (
				en,
				Base,
			);
			mainGroup = 9B8207F81A894DF8007B1B80;
			productRefGroup = 9B8208021A894DF8007B1B80 /* Products */;
			projectDirPath = "";
			projectReferences = (
				{
					ProductGroup = 9B312D7B1A8BEB3500702F7D /* Products */;
					ProjectRef = 9B312D7A1A8BEB3500702F7D /* Swifties.xcodeproj */;
				},
			);
			projectRoot = "";
			targets = (
				9B8208001A894DF8007B1B80 /* Twobr */,
				9B8208181A894DF8007B1B80 /* TwobrTests */,
			);
		};
/* End PBXProject section */

/* Begin PBXReferenceProxy section */
		9B312D801A8BEB3500702F7D /* Swifties.framework */ = {
			isa = PBXReferenceProxy;
			fileType = wrapper.framework;
			path = Swifties.framework;
			remoteRef = 9B312D7F1A8BEB3500702F7D /* PBXContainerItemProxy */;
			sourceTree = BUILT_PRODUCTS_DIR;
		};
		9B312D821A8BEB3500702F7D /* SwiftiesTests.xctest */ = {
			isa = PBXReferenceProxy;
			fileType = wrapper.cfbundle;
			path = SwiftiesTests.xctest;
			remoteRef = 9B312D811A8BEB3500702F7D /* PBXContainerItemProxy */;
			sourceTree = BUILT_PRODUCTS_DIR;
		};
/* End PBXReferenceProxy section */

/* Begin PBXResourcesBuildPhase section */
		9B8207FF1A894DF8007B1B80 /* Resources */ = {
			isa = PBXResourcesBuildPhase;
			buildActionMask = 2147483647;
			files = (
				9B82080F1A894DF8007B1B80 /* Main.storyboard in Resources */,
				9B82082D1A8964BC007B1B80 /* Localizable.strings in Resources */,
				9B8208141A894DF8007B1B80 /* LaunchScreen.xib in Resources */,
				9B8208111A894DF8007B1B80 /* Images.xcassets in Resources */,
			);
			runOnlyForDeploymentPostprocessing = 0;
		};
		9B8208171A894DF8007B1B80 /* Resources */ = {
			isa = PBXResourcesBuildPhase;
			buildActionMask = 2147483647;
			files = (
			);
			runOnlyForDeploymentPostprocessing = 0;
		};
/* End PBXResourcesBuildPhase section */

/* Begin PBXSourcesBuildPhase section */
		9B8207FD1A894DF8007B1B80 /* Sources */ = {
			isa = PBXSourcesBuildPhase;
			buildActionMask = 2147483647;
			files = (
				9BE640431A8AA4F5001D121F /* TwitterAPIRequestDelegate.swift in Sources */,
				9BE640451A8AAF13001D121F /* JobDetailsViewController.swift in Sources */,
				9B14BF421A8AF8F000B9132B /* UserDetailViewController.swift in Sources */,
				9B82083A1A89718D007B1B80 /* ParsedTweet.swift in Sources */,
				9B82080C1A894DF8007B1B80 /* JobsViewController.swift in Sources */,
				9BE640411A8AA494001D121F /* TwitterAPIRequest.swift in Sources */,
				9B82080A1A894DF8007B1B80 /* Twobr.xcdatamodeld in Sources */,
				9B8208071A894DF8007B1B80 /* AppDelegate.swift in Sources */,
				9B158AB01A89748100EC1350 /* ParsedTweetCell.swift in Sources */,
			);
			runOnlyForDeploymentPostprocessing = 0;
		};
		9B8208151A894DF8007B1B80 /* Sources */ = {
			isa = PBXSourcesBuildPhase;
			buildActionMask = 2147483647;
			files = (
			);
			runOnlyForDeploymentPostprocessing = 0;
		};
/* End PBXSourcesBuildPhase section */

/* Begin PBXTargetDependency section */
		9B82081B1A894DF8007B1B80 /* PBXTargetDependency */ = {
			isa = PBXTargetDependency;
			target = 9B8208001A894DF8007B1B80 /* Twobr */;
			targetProxy = 9B82081A1A894DF8007B1B80 /* PBXContainerItemProxy */;
		};
/* End PBXTargetDependency section */

/* Begin PBXVariantGroup section */
		9B82080D1A894DF8007B1B80 /* Main.storyboard */ = {
			isa = PBXVariantGroup;
			children = (
				9B82080E1A894DF8007B1B80 /* Base */,
				9B8208291A8963ED007B1B80 /* es-MX */,
			);
			name = Main.storyboard;
			sourceTree = "<group>";
		};
		9B8208121A894DF8007B1B80 /* LaunchScreen.xib */ = {
			isa = PBXVariantGroup;
			children = (
				9B8208131A894DF8007B1B80 /* Base */,
				9B82082A1A8963ED007B1B80 /* es-MX */,
			);
			name = LaunchScreen.xib;
			sourceTree = "<group>";
		};
		9B82082F1A8964BC007B1B80 /* Localizable.strings */ = {
			isa = PBXVariantGroup;
			children = (
				9B8208301A8964C2007B1B80 /* Base */,
				9B8208311A8964D1007B1B80 /* es-MX */,
			);
			name = Localizable.strings;
			sourceTree = "<group>";
		};
/* End PBXVariantGroup section */

/* Begin XCBuildConfiguration section */
		9B8208211A894DF8007B1B80 /* Debug */ = {
			isa = XCBuildConfiguration;
			buildSettings = {
				ALWAYS_SEARCH_USER_PATHS = NO;
				CLANG_CXX_LANGUAGE_STANDARD = "gnu++0x";
				CLANG_CXX_LIBRARY = "libc++";
				CLANG_ENABLE_MODULES = YES;
				CLANG_ENABLE_OBJC_ARC = YES;
				CLANG_WARN_BOOL_CONVERSION = YES;
				CLANG_WARN_CONSTANT_CONVERSION = YES;
				CLANG_WARN_DIRECT_OBJC_ISA_USAGE = YES_ERROR;
				CLANG_WARN_EMPTY_BODY = YES;
				CLANG_WARN_ENUM_CONVERSION = YES;
				CLANG_WARN_INT_CONVERSION = YES;
				CLANG_WARN_OBJC_ROOT_CLASS = YES_ERROR;
				CLANG_WARN_UNREACHABLE_CODE = YES;
				CLANG_WARN__DUPLICATE_METHOD_MATCH = YES;
				"CODE_SIGN_IDENTITY[sdk=iphoneos*]" = "iPhone Developer";
				COPY_PHASE_STRIP = NO;
				ENABLE_STRICT_OBJC_MSGSEND = YES;
				GCC_C_LANGUAGE_STANDARD = gnu99;
				GCC_DYNAMIC_NO_PIC = NO;
				GCC_OPTIMIZATION_LEVEL = 0;
				GCC_PREPROCESSOR_DEFINITIONS = (
					"DEBUG=1",
					"$(inherited)",
				);
				GCC_SYMBOLS_PRIVATE_EXTERN = NO;
				GCC_WARN_64_TO_32_BIT_CONVERSION = YES;
				GCC_WARN_ABOUT_RETURN_TYPE = YES_ERROR;
				GCC_WARN_UNDECLARED_SELECTOR = YES;
				GCC_WARN_UNINITIALIZED_AUTOS = YES_AGGRESSIVE;
				GCC_WARN_UNUSED_FUNCTION = YES;
				GCC_WARN_UNUSED_VARIABLE = YES;
				IPHONEOS_DEPLOYMENT_TARGET = 8.1;
				MTL_ENABLE_DEBUG_INFO = YES;
				ONLY_ACTIVE_ARCH = YES;
				SDKROOT = iphoneos;
				SWIFT_OPTIMIZATION_LEVEL = "-Onone";
				TARGETED_DEVICE_FAMILY = "1,2";
			};
			name = Debug;
		};
		9B8208221A894DF8007B1B80 /* Release */ = {
			isa = XCBuildConfiguration;
			buildSettings = {
				ALWAYS_SEARCH_USER_PATHS = NO;
				CLANG_CXX_LANGUAGE_STANDARD = "gnu++0x";
				CLANG_CXX_LIBRARY = "libc++";
				CLANG_ENABLE_MODULES = YES;
				CLANG_ENABLE_OBJC_ARC = YES;
				CLANG_WARN_BOOL_CONVERSION = YES;
				CLANG_WARN_CONSTANT_CONVERSION = YES;
				CLANG_WARN_DIRECT_OBJC_ISA_USAGE = YES_ERROR;
				CLANG_WARN_EMPTY_BODY = YES;
				CLANG_WARN_ENUM_CONVERSION = YES;
				CLANG_WARN_INT_CONVERSION = YES;
				CLANG_WARN_OBJC_ROOT_CLASS = YES_ERROR;
				CLANG_WARN_UNREACHABLE_CODE = YES;
				CLANG_WARN__DUPLICATE_METHOD_MATCH = YES;
				"CODE_SIGN_IDENTITY[sdk=iphoneos*]" = "iPhone Developer";
				COPY_PHASE_STRIP = YES;
				ENABLE_NS_ASSERTIONS = NO;
				ENABLE_STRICT_OBJC_MSGSEND = YES;
				GCC_C_LANGUAGE_STANDARD = gnu99;
				GCC_WARN_64_TO_32_BIT_CONVERSION = YES;
				GCC_WARN_ABOUT_RETURN_TYPE = YES_ERROR;
				GCC_WARN_UNDECLARED_SELECTOR = YES;
				GCC_WARN_UNINITIALIZED_AUTOS = YES_AGGRESSIVE;
				GCC_WARN_UNUSED_FUNCTION = YES;
				GCC_WARN_UNUSED_VARIABLE = YES;
				IPHONEOS_DEPLOYMENT_TARGET = 8.1;
				MTL_ENABLE_DEBUG_INFO = NO;
				SDKROOT = iphoneos;
				TARGETED_DEVICE_FAMILY = "1,2";
				VALIDATE_PRODUCT = YES;
			};
			name = Release;
		};
		9B8208241A894DF8007B1B80 /* Debug */ = {
			isa = XCBuildConfiguration;
			buildSettings = {
				ASSETCATALOG_COMPILER_APPICON_NAME = AppIcon;
				CODE_SIGN_IDENTITY = "iPhone Developer";
				INFOPLIST_FILE = Twobr/Info.plist;
				LD_RUNPATH_SEARCH_PATHS = "$(inherited) @executable_path/Frameworks";
				PRODUCT_NAME = "$(TARGET_NAME)";
			};
			name = Debug;
		};
		9B8208251A894DF8007B1B80 /* Release */ = {
			isa = XCBuildConfiguration;
			buildSettings = {
				ASSETCATALOG_COMPILER_APPICON_NAME = AppIcon;
				CODE_SIGN_IDENTITY = "iPhone Developer";
				INFOPLIST_FILE = Twobr/Info.plist;
				LD_RUNPATH_SEARCH_PATHS = "$(inherited) @executable_path/Frameworks";
				PRODUCT_NAME = "$(TARGET_NAME)";
			};
			name = Release;
		};
		9B8208271A894DF8007B1B80 /* Debug */ = {
			isa = XCBuildConfiguration;
			buildSettings = {
				BUNDLE_LOADER = "$(TEST_HOST)";
				FRAMEWORK_SEARCH_PATHS = (
					"$(SDKROOT)/Developer/Library/Frameworks",
					"$(inherited)",
				);
				GCC_PREPROCESSOR_DEFINITIONS = (
					"DEBUG=1",
					"$(inherited)",
				);
				INFOPLIST_FILE = TwobrTests/Info.plist;
				LD_RUNPATH_SEARCH_PATHS = "$(inherited) @executable_path/Frameworks @loader_path/Frameworks";
				PRODUCT_NAME = "$(TARGET_NAME)";
				TEST_HOST = "$(BUILT_PRODUCTS_DIR)/Twobr.app/Twobr";
			};
			name = Debug;
		};
		9B8208281A894DF8007B1B80 /* Release */ = {
			isa = XCBuildConfiguration;
			buildSettings = {
				BUNDLE_LOADER = "$(TEST_HOST)";
				FRAMEWORK_SEARCH_PATHS = (
					"$(SDKROOT)/Developer/Library/Frameworks",
					"$(inherited)",
				);
				INFOPLIST_FILE = TwobrTests/Info.plist;
				LD_RUNPATH_SEARCH_PATHS = "$(inherited) @executable_path/Frameworks @loader_path/Frameworks";
				PRODUCT_NAME = "$(TARGET_NAME)";
				TEST_HOST = "$(BUILT_PRODUCTS_DIR)/Twobr.app/Twobr";
			};
			name = Release;
		};
/* End XCBuildConfiguration section */

/* Begin XCConfigurationList section */
		9B8207FC1A894DF8007B1B80 /* Build configuration list for PBXProject "Twobr" */ = {
			isa = XCConfigurationList;
			buildConfigurations = (
				9B8208211A894DF8007B1B80 /* Debug */,
				9B8208221A894DF8007B1B80 /* Release */,
			);
			defaultConfigurationIsVisible = 0;
			defaultConfigurationName = Release;
		};
		9B8208231A894DF8007B1B80 /* Build configuration list for PBXNativeTarget "Twobr" */ = {
			isa = XCConfigurationList;
			buildConfigurations = (
				9B8208241A894DF8007B1B80 /* Debug */,
				9B8208251A894DF8007B1B80 /* Release */,
			);
			defaultConfigurationIsVisible = 0;
			defaultConfigurationName = Release;
		};
		9B8208261A894DF8007B1B80 /* Build configuration list for PBXNativeTarget "TwobrTests" */ = {
			isa = XCConfigurationList;
			buildConfigurations = (
				9B8208271A894DF8007B1B80 /* Debug */,
				9B8208281A894DF8007B1B80 /* Release */,
			);
			defaultConfigurationIsVisible = 0;
			defaultConfigurationName = Release;
		};
/* End XCConfigurationList section */

/* Begin XCVersionGroup section */
		9B8208081A894DF8007B1B80 /* Twobr.xcdatamodeld */ = {
			isa = XCVersionGroup;
			children = (
				9B8208091A894DF8007B1B80 /* Twobr.xcdatamodel */,
			);
			currentVersion = 9B8208091A894DF8007B1B80 /* Twobr.xcdatamodel */;
			path = Twobr.xcdatamodeld;
			sourceTree = "<group>";
			versionGroupType = wrapper.xcdatamodel;
		};
/* End XCVersionGroup section */
	};
	rootObject = 9B8207F91A894DF8007B1B80 /* Project object */;
}
